# This file is autogenerated, do not edit; changes may be undone by the next 'dep ensure'.


[[projects]]
  digest = "1:0d5fdcd4a963f5486979d53d72c7d784ced34836e3eba766977962c1e630fedd"
  name = "github.com/cenkalti/backoff"
  packages = ["."]
  pruneopts = "UT"
  revision = "b02f2bbce11d7ea6b97f282ef1771b0fe2f65ef3"

[[projects]]
  digest = "1:aa7ab4fd27851221e4153921472ef7e3c1b048eaacca8e87c73fb7a094250dd7"
  name = "gopkg.in/zorkian/go-datadog-api.v2"
  packages = ["."]
  pruneopts = "UT"
  revision = "f3f6d2f4859047aae0cac1ce3d16689608480fd9"
  version = "v2.18.0"

[solve-meta]
  analyzer-name = "dep"
  analyzer-version = 1
  input-imports = ["gopkg.in/zorkian/go-datadog-api.v2"]
  solver-name = "gps-cdcl"
  solver-version = 1
